<Solution>
  <Folder Name="/Solution Items/">
    <File Path=".editorconfig" />
    <File Path=".gitattributes" />
    <File Path=".gitignore" />
    <File Path="PcAgent.sln.DotSettings" />
    <File Path="AGENTS.md" />
    <File Path="Analyzers.ruleset" />
    <File Path="CLAUDE.md" />
    <File Path="Directory.Build.props" />
    <File Path="Directory.Build.targets" />
    <File Path="LICENSE" />
    <File Path="publish.bat" />
    <File Path="README.md" />
  </Folder>
  <Project Path="PcAgent.Diagnostics/PcAgent.Diagnostics.csproj" />
  <Project Path="PcAgent.Agent/PcAgent.Agent.csproj" />
  <Project Path="PcAgent.Tui/PcAgent.Tui.csproj" />
</Solution>
